
Microsoft Visual Studio Solution File, Format Version 12.00
# Visual Studio Version 17
VisualStudioVersion = 17.0.32014.148
MinimumVisualStudioVersion = 10.0.40219.1
Project("{FAE04EC0-301F-11D3-BF4B-00C04F79EFBC}") = "EPAM.DreamTour", "EPAM.DreamTour\EPAM.DreamTour.csproj", "{BEF6D4AB-3E69-4503-A5BE-1930F2FDE7B7}"
EndProject
Project("{00D1A9C2-B5F0-4AF3-8072-F6C62B433612}") = "TourDB", "TourDB\TourDB.sqlproj", "{5C5AFCF8-73F6-4592-A470-AB22A44AA60F}"
EndProject
Project("{FAE04EC0-301F-11D3-BF4B-00C04F79EFBC}") = "EPAM.DreamTour.DataAccess", "EPAM.DreamTour.DataAccess\EPAM.DreamTour.DataAccess.csproj", "{C82F8BDA-BAC5-447B-A733-2594BFDAAC2A}"
EndProject
Project("{FAE04EC0-301F-11D3-BF4B-00C04F79EFBC}") = "EPAM.DreamTour.DataAccessContracts", "EPAM.DreamTour.DataAccessContracts\EPAM.DreamTour.DataAccessContracts.csproj", "{E451DC52-B659-4906-AD3E-43F858DB96A6}"
EndProject
Global
	GlobalSection(SolutionConfigurationPlatforms) = preSolution
		Debug|Any CPU = Debug|Any CPU
		Release|Any CPU = Release|Any CPU
	EndGlobalSection
	GlobalSection(ProjectConfigurationPlatforms) = postSolution
		{BEF6D4AB-3E69-4503-A5BE-1930F2FDE7B7}.Debug|Any CPU.ActiveCfg = Debug|Any CPU
		{BEF6D4AB-3E69-4503-A5BE-1930F2FDE7B7}.Debug|Any CPU.Build.0 = Debug|Any CPU
		{BEF6D4AB-3E69-4503-A5BE-1930F2FDE7B7}.Release|Any CPU.ActiveCfg = Release|Any CPU
		{BEF6D4AB-3E69-4503-A5BE-1930F2FDE7B7}.Release|Any CPU.Build.0 = Release|Any CPU
		{5C5AFCF8-73F6-4592-A470-AB22A44AA60F}.Debug|Any CPU.ActiveCfg = Debug|Any CPU
		{5C5AFCF8-73F6-4592-A470-AB22A44AA60F}.Debug|Any CPU.Build.0 = Debug|Any CPU
		{5C5AFCF8-73F6-4592-A470-AB22A44AA60F}.Debug|Any CPU.Deploy.0 = Debug|Any CPU
		{5C5AFCF8-73F6-4592-A470-AB22A44AA60F}.Release|Any CPU.ActiveCfg = Release|Any CPU
		{5C5AFCF8-73F6-4592-A470-AB22A44AA60F}.Release|Any CPU.Build.0 = Release|Any CPU
		{5C5AFCF8-73F6-4592-A470-AB22A44AA60F}.Release|Any CPU.Deploy.0 = Release|Any CPU
		{C82F8BDA-BAC5-447B-A733-2594BFDAAC2A}.Debug|Any CPU.ActiveCfg = Debug|Any CPU
		{C82F8BDA-BAC5-447B-A733-2594BFDAAC2A}.Debug|Any CPU.Build.0 = Debug|Any CPU
		{C82F8BDA-BAC5-447B-A733-2594BFDAAC2A}.Release|Any CPU.ActiveCfg = Release|Any CPU
		{C82F8BDA-BAC5-447B-A733-2594BFDAAC2A}.Release|Any CPU.Build.0 = Release|Any CPU
		{E451DC52-B659-4906-AD3E-43F858DB96A6}.Debug|Any CPU.ActiveCfg = Debug|Any CPU
		{E451DC52-B659-4906-AD3E-43F858DB96A6}.Debug|Any CPU.Build.0 = Debug|Any CPU
		{E451DC52-B659-4906-AD3E-43F858DB96A6}.Release|Any CPU.ActiveCfg = Release|Any CPU
		{E451DC52-B659-4906-AD3E-43F858DB96A6}.Release|Any CPU.Build.0 = Release|Any CPU
	EndGlobalSection
	GlobalSection(SolutionProperties) = preSolution
		HideSolutionNode = FALSE
	EndGlobalSection
	GlobalSection(ExtensibilityGlobals) = postSolution
		SolutionGuid = {DDA333AC-D412-4779-ABF3-967805FAD23F}
	EndGlobalSection
EndGlobal
